
Microsoft Visual Studio Solution File, Format Version 12.00
# Visual Studio Version 17
VisualStudioVersion = 17.2.32630.192
MinimumVisualStudioVersion = 10.0.40219.1
Project("{FAE04EC0-301F-11D3-BF4B-00C04F79EFBC}") = "SistemaLINQ", "SistemaLINQ\SistemaLINQ.csproj", "{7084A26A-821E-4C46-A15D-66556B17FD42}"
EndProject
Global
	GlobalSection(SolutionConfigurationPlatforms) = preSolution
		Debug|Any CPU = Debug|Any CPU
		Release|Any CPU = Release|Any CPU
	EndGlobalSection
	GlobalSection(ProjectConfigurationPlatforms) = postSolution
		{7084A26A-821E-4C46-A15D-66556B17FD42}.Debug|Any CPU.ActiveCfg = Debug|Any CPU
		{7084A26A-821E-4C46-A15D-66556B17FD42}.Debug|Any CPU.Build.0 = Debug|Any CPU
		{7084A26A-821E-4C46-A15D-66556B17FD42}.Release|Any CPU.ActiveCfg = Release|Any CPU
		{7084A26A-821E-4C46-A15D-66556B17FD42}.Release|Any CPU.Build.0 = Release|Any CPU
	EndGlobalSection
	GlobalSection(SolutionProperties) = preSolution
		HideSolutionNode = FALSE
	EndGlobalSection
	GlobalSection(ExtensibilityGlobals) = postSolution
		SolutionGuid = {1A4E003A-4608-49C5-979D-B8F48D641257}
	EndGlobalSection
EndGlobal
